{
	"name": "pkg",
	"version": "1.0.0",
	"lockfileVersion": 3,
	"requires": true,
	"packages": {
		"": {
			"name": "pkg",
			"version": "1.0.0",
			"license": "MIT",
			"dependencies": {
				"@gamex/cc-minisdk": "^1.0.1"
			}
		},
		"node_modules/@gamex/cc-minisdk": {
			"version": "1.0.1",
			"resolved": "https://registry.npmmirror.com/@gamex/cc-minisdk/-/cc-minisdk-1.0.1.tgz",
			"integrity": "sha512-R/cYST7DvkjYGz/39SCyBA+xcx1hldqulpQM/14LMGXxHjfz4OnqpJ8AkosNPgiOO09nuLfPPBmuyhxxl82ORQ==",
			"license": "MIT"
		}
	}
}
